
Microsoft Visual Studio Solution File, Format Version 12.00
# Visual Studio 15
VisualStudioVersion = 15.0.27703.2042
MinimumVisualStudioVersion = 10.0.40219.1
Project("{FAE04EC0-301F-11D3-BF4B-00C04F79EFBC}") = "HeatSource2D_1PointOnOmega_ft", "HeatSource2D_1PointOnOmega_ft\HeatSource2D_1PointOnOmega_ft.csproj", "{13E7C83D-7534-461B-A928-94DB09E75B72}"
EndProject
Global
	GlobalSection(SolutionConfigurationPlatforms) = preSolution
		Debug|Any CPU = Debug|Any CPU
		Release|Any CPU = Release|Any CPU
	EndGlobalSection
	GlobalSection(ProjectConfigurationPlatforms) = postSolution
		{13E7C83D-7534-461B-A928-94DB09E75B72}.Debug|Any CPU.ActiveCfg = Debug|Any CPU
		{13E7C83D-7534-461B-A928-94DB09E75B72}.Debug|Any CPU.Build.0 = Debug|Any CPU
		{13E7C83D-7534-461B-A928-94DB09E75B72}.Release|Any CPU.ActiveCfg = Release|Any CPU
		{13E7C83D-7534-461B-A928-94DB09E75B72}.Release|Any CPU.Build.0 = Release|Any CPU
	EndGlobalSection
	GlobalSection(SolutionProperties) = preSolution
		HideSolutionNode = FALSE
	EndGlobalSection
	GlobalSection(ExtensibilityGlobals) = postSolution
		SolutionGuid = {449CCD66-998A-4147-AE58-633B90D3D3C6}
	EndGlobalSection
EndGlobal
