
Microsoft Visual Studio Solution File, Format Version 12.00
# Visual Studio 15
VisualStudioVersion = 15.0.27703.2042
MinimumVisualStudioVersion = 10.0.40219.1
Project("{FAE04EC0-301F-11D3-BF4B-00C04F79EFBC}") = "HeatSource1D_Q_fxt", "HeatSource1D_Q_fxt\HeatSource1D_Q_fxt.csproj", "{6E4ECDF4-1F65-440F-8ADD-1FB146CDCD3C}"
EndProject
Global
	GlobalSection(SolutionConfigurationPlatforms) = preSolution
		Debug|Any CPU = Debug|Any CPU
		Release|Any CPU = Release|Any CPU
	EndGlobalSection
	GlobalSection(ProjectConfigurationPlatforms) = postSolution
		{6E4ECDF4-1F65-440F-8ADD-1FB146CDCD3C}.Debug|Any CPU.ActiveCfg = Debug|Any CPU
		{6E4ECDF4-1F65-440F-8ADD-1FB146CDCD3C}.Debug|Any CPU.Build.0 = Debug|Any CPU
		{6E4ECDF4-1F65-440F-8ADD-1FB146CDCD3C}.Release|Any CPU.ActiveCfg = Release|Any CPU
		{6E4ECDF4-1F65-440F-8ADD-1FB146CDCD3C}.Release|Any CPU.Build.0 = Release|Any CPU
	EndGlobalSection
	GlobalSection(SolutionProperties) = preSolution
		HideSolutionNode = FALSE
	EndGlobalSection
	GlobalSection(ExtensibilityGlobals) = postSolution
		SolutionGuid = {E73C7F35-53B1-411F-A811-C97BBDEA1961}
	EndGlobalSection
EndGlobal
