
Microsoft Visual Studio Solution File, Format Version 12.00
# Visual Studio 15
VisualStudioVersion = 15.0.27703.2042
MinimumVisualStudioVersion = 10.0.40219.1
Project("{FAE04EC0-301F-11D3-BF4B-00C04F79EFBC}") = "HeatSource2D_IntegrationOnOmega_ft", "HeatSource2D_IntegrationOnOmega_ft\HeatSource2D_IntegrationOnOmega_ft.csproj", "{AADE2990-FD94-407F-BA31-463BE095E1B6}"
EndProject
Global
	GlobalSection(SolutionConfigurationPlatforms) = preSolution
		Debug|Any CPU = Debug|Any CPU
		Release|Any CPU = Release|Any CPU
	EndGlobalSection
	GlobalSection(ProjectConfigurationPlatforms) = postSolution
		{AADE2990-FD94-407F-BA31-463BE095E1B6}.Debug|Any CPU.ActiveCfg = Debug|Any CPU
		{AADE2990-FD94-407F-BA31-463BE095E1B6}.Debug|Any CPU.Build.0 = Debug|Any CPU
		{AADE2990-FD94-407F-BA31-463BE095E1B6}.Release|Any CPU.ActiveCfg = Release|Any CPU
		{AADE2990-FD94-407F-BA31-463BE095E1B6}.Release|Any CPU.Build.0 = Release|Any CPU
	EndGlobalSection
	GlobalSection(SolutionProperties) = preSolution
		HideSolutionNode = FALSE
	EndGlobalSection
	GlobalSection(ExtensibilityGlobals) = postSolution
		SolutionGuid = {0F574363-1474-4154-9AD2-D79F13CE19F8}
	EndGlobalSection
EndGlobal
